
Microsoft Visual Studio Solution File, Format Version 12.00
# Visual Studio Version 16
VisualStudioVersion = 16.0.31613.86
MinimumVisualStudioVersion = 10.0.40219.1
Project("{FAE04EC0-301F-11D3-BF4B-00C04F79EFBC}") = "CSharpLess", "CSharpLess\CSharpLess.csproj", "{8EED3C30-2870-4674-B583-6DEAE6BAC47C}"
EndProject
Project("{FAE04EC0-301F-11D3-BF4B-00C04F79EFBC}") = "ShopModel", "ShopModel\ShopModel.csproj", "{21AD3493-3430-42E3-A1E9-8BC61081ED2D}"
EndProject
Global
	GlobalSection(SolutionConfigurationPlatforms) = preSolution
		Debug|Any CPU = Debug|Any CPU
		Release|Any CPU = Release|Any CPU
	EndGlobalSection
	GlobalSection(ProjectConfigurationPlatforms) = postSolution
		{8EED3C30-2870-4674-B583-6DEAE6BAC47C}.Debug|Any CPU.ActiveCfg = Debug|Any CPU
		{8EED3C30-2870-4674-B583-6DEAE6BAC47C}.Debug|Any CPU.Build.0 = Debug|Any CPU
		{8EED3C30-2870-4674-B583-6DEAE6BAC47C}.Release|Any CPU.ActiveCfg = Release|Any CPU
		{8EED3C30-2870-4674-B583-6DEAE6BAC47C}.Release|Any CPU.Build.0 = Release|Any CPU
		{21AD3493-3430-42E3-A1E9-8BC61081ED2D}.Debug|Any CPU.ActiveCfg = Debug|Any CPU
		{21AD3493-3430-42E3-A1E9-8BC61081ED2D}.Debug|Any CPU.Build.0 = Debug|Any CPU
		{21AD3493-3430-42E3-A1E9-8BC61081ED2D}.Release|Any CPU.ActiveCfg = Release|Any CPU
		{21AD3493-3430-42E3-A1E9-8BC61081ED2D}.Release|Any CPU.Build.0 = Release|Any CPU
	EndGlobalSection
	GlobalSection(SolutionProperties) = preSolution
		HideSolutionNode = FALSE
	EndGlobalSection
	GlobalSection(ExtensibilityGlobals) = postSolution
		SolutionGuid = {D041B666-2493-4DB7-ABBF-FE7CB55618F9}
	EndGlobalSection
EndGlobal
