
Microsoft Visual Studio Solution File, Format Version 12.00
# Visual Studio Version 16
VisualStudioVersion = 16.0.31613.86
MinimumVisualStudioVersion = 10.0.40219.1
Project("{FAE04EC0-301F-11D3-BF4B-00C04F79EFBC}") = "WinFormsApp1", "WinFormsApp1\WinFormsApp1.csproj", "{7BCDF9A6-ABF9-4071-B359-3B40EE4DD804}"
EndProject
Global
	GlobalSection(SolutionConfigurationPlatforms) = preSolution
		Debug|Any CPU = Debug|Any CPU
		Release|Any CPU = Release|Any CPU
	EndGlobalSection
	GlobalSection(ProjectConfigurationPlatforms) = postSolution
		{7BCDF9A6-ABF9-4071-B359-3B40EE4DD804}.Debug|Any CPU.ActiveCfg = Debug|Any CPU
		{7BCDF9A6-ABF9-4071-B359-3B40EE4DD804}.Debug|Any CPU.Build.0 = Debug|Any CPU
		{7BCDF9A6-ABF9-4071-B359-3B40EE4DD804}.Release|Any CPU.ActiveCfg = Release|Any CPU
		{7BCDF9A6-ABF9-4071-B359-3B40EE4DD804}.Release|Any CPU.Build.0 = Release|Any CPU
	EndGlobalSection
	GlobalSection(SolutionProperties) = preSolution
		HideSolutionNode = FALSE
	EndGlobalSection
	GlobalSection(ExtensibilityGlobals) = postSolution
		SolutionGuid = {1A8E500F-7E11-47F7-807D-E63A6A13ADC4}
	EndGlobalSection
EndGlobal
