
Microsoft Visual Studio Solution File, Format Version 12.00
# Visual Studio Version 16
VisualStudioVersion = 16.0.31613.86
MinimumVisualStudioVersion = 10.0.40219.1
Project("{FAE04EC0-301F-11D3-BF4B-00C04F79EFBC}") = "WpfApp1", "WpfApp1\WpfApp1.csproj", "{AF33A899-7556-4917-A9AA-3661AECC23AB}"
EndProject
Global
	GlobalSection(SolutionConfigurationPlatforms) = preSolution
		Debug|Any CPU = Debug|Any CPU
		Release|Any CPU = Release|Any CPU
	EndGlobalSection
	GlobalSection(ProjectConfigurationPlatforms) = postSolution
		{AF33A899-7556-4917-A9AA-3661AECC23AB}.Debug|Any CPU.ActiveCfg = Debug|Any CPU
		{AF33A899-7556-4917-A9AA-3661AECC23AB}.Debug|Any CPU.Build.0 = Debug|Any CPU
		{AF33A899-7556-4917-A9AA-3661AECC23AB}.Release|Any CPU.ActiveCfg = Release|Any CPU
		{AF33A899-7556-4917-A9AA-3661AECC23AB}.Release|Any CPU.Build.0 = Release|Any CPU
	EndGlobalSection
	GlobalSection(SolutionProperties) = preSolution
		HideSolutionNode = FALSE
	EndGlobalSection
	GlobalSection(ExtensibilityGlobals) = postSolution
		SolutionGuid = {FA2EADD1-3AEA-4746-83C2-7AED5FCD040B}
	EndGlobalSection
EndGlobal
