
Microsoft Visual Studio Solution File, Format Version 12.00
# Visual Studio Version 16
VisualStudioVersion = 16.0.31613.86
MinimumVisualStudioVersion = 10.0.40219.1
Project("{FAE04EC0-301F-11D3-BF4B-00C04F79EFBC}") = "MvvmWpfExample", "MvvmWpfExample\MvvmWpfExample.csproj", "{5723D03D-9AD2-4CAE-AF85-B114D345E12E}"
EndProject
Global
	GlobalSection(SolutionConfigurationPlatforms) = preSolution
		Debug|Any CPU = Debug|Any CPU
		Release|Any CPU = Release|Any CPU
	EndGlobalSection
	GlobalSection(ProjectConfigurationPlatforms) = postSolution
		{5723D03D-9AD2-4CAE-AF85-B114D345E12E}.Debug|Any CPU.ActiveCfg = Debug|Any CPU
		{5723D03D-9AD2-4CAE-AF85-B114D345E12E}.Debug|Any CPU.Build.0 = Debug|Any CPU
		{5723D03D-9AD2-4CAE-AF85-B114D345E12E}.Release|Any CPU.ActiveCfg = Release|Any CPU
		{5723D03D-9AD2-4CAE-AF85-B114D345E12E}.Release|Any CPU.Build.0 = Release|Any CPU
	EndGlobalSection
	GlobalSection(SolutionProperties) = preSolution
		HideSolutionNode = FALSE
	EndGlobalSection
	GlobalSection(ExtensibilityGlobals) = postSolution
		SolutionGuid = {086C1D80-9E1D-4689-93D8-AA2EC291F8E3}
	EndGlobalSection
EndGlobal
